PODS:
  - Socket.IO-Client-Swift (8.1.2)
  - YALSideMenu (2.0.1)

DEPENDENCIES:
  - Socket.IO-Client-Swift (~> 8.1.1)
  - YALSideMenu (~> 2.0)

SPEC CHECKSUMS:
  Socket.IO-Client-Swift: 542d82e6708f9901b3f6c1d134fb60fa0d09d4d1
  YALSideMenu: 4d6b90ea44dcdded18a99e46b676e4ad51d9c6bb

PODFILE CHECKSUM: b61dec6df3d0c03f5cd6123a0e344112956566f7

COCOAPODS: 1.1.1
