PODS:
  - Alamofire (4.3.0)
  - CountryPicker (1.3)
  - CreditCardValidator (0.3.2)
  - SwiftyJSON (3.1.4)
  - YALSideMenu (2.0.1)

DEPENDENCIES:
  - Alamofire (~> 4.3)
  - CountryPicker
  - CreditCardValidator
  - SwiftyJSON
  - YALSideMenu (~> 2.0)

SPEC CHECKSUMS:
  Alamofire: 856a113053a7bc9cbe5d6367a555d773fc5cfef7
  CountryPicker: 664c26411d833bb068c80beb15dc951eadde2911
  CreditCardValidator: f2e0fc0f273e3f303513d35745df23d336eb1d67
  SwiftyJSON: c2842d878f95482ffceec5709abc3d05680c0220
  YALSideMenu: 4d6b90ea44dcdded18a99e46b676e4ad51d9c6bb

PODFILE CHECKSUM: e9cff67ae1c2ab53dda3b246e607a56fe541278e

COCOAPODS: 1.1.1
